
Microsoft Visual Studio Solution File, Format Version 12.00
# Visual Studio Version 16
VisualStudioVersion = 16.0.29806.167
MinimumVisualStudioVersion = 10.0.40219.1
Project("{FAE04EC0-301F-11D3-BF4B-00C04F79EFBC}") = "BandoInteractive_CMS", "BandoInteractive_CMS\BandoInteractive_CMS.csproj", "{9987A24C-7C24-4C30-A262-DDC9DC9F2A43}"
EndProject
Project("{FAE04EC0-301F-11D3-BF4B-00C04F79EFBC}") = "BandoInteractive_CMS.Entity", "BandoInteractive_CMS.Entity\BandoInteractive_CMS.Entity.csproj", "{4C5F798C-B838-443A-A5B9-D4A08F16DDE3}"
EndProject
Project("{FAE04EC0-301F-11D3-BF4B-00C04F79EFBC}") = "BandoInteractive_CMS.DAL", "BandoInteractive_CMS.DAL\BandoInteractive_CMS.DAL.csproj", "{1D88E065-5A82-4F96-A721-CF53C7A655E6}"
EndProject
Project("{FAE04EC0-301F-11D3-BF4B-00C04F79EFBC}") = "BandoInteractive_CMS.Service", "BandoInteractive_CMS.Service\BandoInteractive_CMS.Service.csproj", "{66EF5BB8-8D1E-45F1-9B02-AC2CBD83BA0E}"
EndProject
Global
	GlobalSection(SolutionConfigurationPlatforms) = preSolution
		Debug|Any CPU = Debug|Any CPU
		Release|Any CPU = Release|Any CPU
	EndGlobalSection
	GlobalSection(ProjectConfigurationPlatforms) = postSolution
		{9987A24C-7C24-4C30-A262-DDC9DC9F2A43}.Debug|Any CPU.ActiveCfg = Debug|Any CPU
		{9987A24C-7C24-4C30-A262-DDC9DC9F2A43}.Debug|Any CPU.Build.0 = Debug|Any CPU
		{9987A24C-7C24-4C30-A262-DDC9DC9F2A43}.Release|Any CPU.ActiveCfg = Release|Any CPU
		{9987A24C-7C24-4C30-A262-DDC9DC9F2A43}.Release|Any CPU.Build.0 = Release|Any CPU
		{4C5F798C-B838-443A-A5B9-D4A08F16DDE3}.Debug|Any CPU.ActiveCfg = Debug|Any CPU
		{4C5F798C-B838-443A-A5B9-D4A08F16DDE3}.Debug|Any CPU.Build.0 = Debug|Any CPU
		{4C5F798C-B838-443A-A5B9-D4A08F16DDE3}.Release|Any CPU.ActiveCfg = Release|Any CPU
		{4C5F798C-B838-443A-A5B9-D4A08F16DDE3}.Release|Any CPU.Build.0 = Release|Any CPU
		{1D88E065-5A82-4F96-A721-CF53C7A655E6}.Debug|Any CPU.ActiveCfg = Debug|Any CPU
		{1D88E065-5A82-4F96-A721-CF53C7A655E6}.Debug|Any CPU.Build.0 = Debug|Any CPU
		{1D88E065-5A82-4F96-A721-CF53C7A655E6}.Release|Any CPU.ActiveCfg = Release|Any CPU
		{1D88E065-5A82-4F96-A721-CF53C7A655E6}.Release|Any CPU.Build.0 = Release|Any CPU
		{66EF5BB8-8D1E-45F1-9B02-AC2CBD83BA0E}.Debug|Any CPU.ActiveCfg = Debug|Any CPU
		{66EF5BB8-8D1E-45F1-9B02-AC2CBD83BA0E}.Debug|Any CPU.Build.0 = Debug|Any CPU
		{66EF5BB8-8D1E-45F1-9B02-AC2CBD83BA0E}.Release|Any CPU.ActiveCfg = Release|Any CPU
		{66EF5BB8-8D1E-45F1-9B02-AC2CBD83BA0E}.Release|Any CPU.Build.0 = Release|Any CPU
	EndGlobalSection
	GlobalSection(SolutionProperties) = preSolution
		HideSolutionNode = FALSE
	EndGlobalSection
	GlobalSection(ExtensibilityGlobals) = postSolution
		SolutionGuid = {17D17B08-CE97-4337-8A81-E980A0A760BC}
	EndGlobalSection
EndGlobal
